
Microsoft Visual Studio Solution File, Format Version 12.00
# Visual Studio Version 17
VisualStudioVersion = 17.9.34714.143
MinimumVisualStudioVersion = 10.0.40219.1
Project("{FAE04EC0-301F-11D3-BF4B-00C04F79EFBC}") = "fbnode", "fbnode\fbnode.csproj", "{6F275C97-7307-4DA4-BC8D-76F938DDFC27}"
EndProject
Project("{FAE04EC0-301F-11D3-BF4B-00C04F79EFBC}") = "TestGUI", "TestGUI\TestGUI.csproj", "{C99297EF-A6D9-4D3C-B4F9-EF594354C22F}"
EndProject
Global
	GlobalSection(SolutionConfigurationPlatforms) = preSolution
		Debug|Any CPU = Debug|Any CPU
		Release|Any CPU = Release|Any CPU
	EndGlobalSection
	GlobalSection(ProjectConfigurationPlatforms) = postSolution
		{6F275C97-7307-4DA4-BC8D-76F938DDFC27}.Debug|Any CPU.ActiveCfg = Debug|Any CPU
		{6F275C97-7307-4DA4-BC8D-76F938DDFC27}.Debug|Any CPU.Build.0 = Debug|Any CPU
		{6F275C97-7307-4DA4-BC8D-76F938DDFC27}.Release|Any CPU.ActiveCfg = Release|Any CPU
		{6F275C97-7307-4DA4-BC8D-76F938DDFC27}.Release|Any CPU.Build.0 = Release|Any CPU
		{C99297EF-A6D9-4D3C-B4F9-EF594354C22F}.Debug|Any CPU.ActiveCfg = Debug|Any CPU
		{C99297EF-A6D9-4D3C-B4F9-EF594354C22F}.Debug|Any CPU.Build.0 = Debug|Any CPU
		{C99297EF-A6D9-4D3C-B4F9-EF594354C22F}.Release|Any CPU.ActiveCfg = Release|Any CPU
		{C99297EF-A6D9-4D3C-B4F9-EF594354C22F}.Release|Any CPU.Build.0 = Release|Any CPU
	EndGlobalSection
	GlobalSection(SolutionProperties) = preSolution
		HideSolutionNode = FALSE
	EndGlobalSection
	GlobalSection(ExtensibilityGlobals) = postSolution
		SolutionGuid = {5EFA651B-128F-4083-A964-338B3B175C3B}
	EndGlobalSection
EndGlobal
